{
  "nodes": {
    "elemental-wine-source": {
      "flake": false,
      "locked": {
        "host": "gitlab.winehq.org",
        "lastModified": 1722747031,
        "narHash": "sha256-XVhz9p2kgFBoJ376vg8OaFXxcMEjAe9AK1hk0I1rb1Q=",
        "owner": "ElementalWarrior",
        "repo": "wine",
        "rev": "a7c9b19e1a26cf49c63a7c19189a3e2bbe2c6ac2",
        "type": "gitlab"
      },
      "original": {
        "host": "gitlab.winehq.org",
        "owner": "ElementalWarrior",
        "ref": "a7c9b19e1a26cf49c63a7c19189a3e2bbe2c6ac2",
        "repo": "wine",
        "type": "gitlab"
      }
    },
    "nixpkgs": {
      "locked": {
        "lastModified": 1717786204,
        "narHash": "sha256-4q0s6m0GUcN7q+Y2DqD27iLvbcd1G50T2lv08kKxkSI=",
        "owner": "nixos",
        "repo": "nixpkgs",
        "rev": "051f920625ab5aabe37c920346e3e69d7d34400e",
        "type": "github"
      },
      "original": {
        "owner": "nixos",
        "ref": "nixos-unstable",
        "repo": "nixpkgs",
        "type": "github"
      }
    },
    "root": {
      "inputs": {
        "elemental-wine-source": "elemental-wine-source",
        "nixpkgs": "nixpkgs",
        "winetricks-source": "winetricks-source"
      }
    },
    "winetricks-source": {
      "flake": false,
      "locked": {
        "lastModified": 1704453875,
        "narHash": "sha256-YTEgb19aoM54KK8/IjrspoChzVnWAEItDlTxpfpS52w=",
        "owner": "winetricks",
        "repo": "winetricks",
        "rev": "bc91718a5cad45e9f33de9b351a5960d5395bed5",
        "type": "github"
      },
      "original": {
        "owner": "winetricks",
        "ref": "20240105",
        "repo": "winetricks",
        "type": "github"
      }
    }
  },
  "root": "root",
  "version": 7
}
